
Microsoft Visual Studio Solution File, Format Version 12.00
# Visual Studio 15
VisualStudioVersion = 15.0.28307.168
MinimumVisualStudioVersion = 10.0.40219.1
Project("{FAE04EC0-301F-11D3-BF4B-00C04F79EFBC}") = "GameBlog", "GameBlog\GameBlog.csproj", "{1B346E54-E5EF-4450-8A3F-D5AD57B75754}"
EndProject
Project("{FAE04EC0-301F-11D3-BF4B-00C04F79EFBC}") = "GameBlog.Tests", "GameBlog.Tests\GameBlog.Tests.csproj", "{4C690E09-CCBA-48A1-9ACB-530554EEE3C5}"
EndProject
Global
	GlobalSection(SolutionConfigurationPlatforms) = preSolution
		Debug|Any CPU = Debug|Any CPU
		Release|Any CPU = Release|Any CPU
	EndGlobalSection
	GlobalSection(ProjectConfigurationPlatforms) = postSolution
		{1B346E54-E5EF-4450-8A3F-D5AD57B75754}.Debug|Any CPU.ActiveCfg = Debug|Any CPU
		{1B346E54-E5EF-4450-8A3F-D5AD57B75754}.Debug|Any CPU.Build.0 = Debug|Any CPU
		{1B346E54-E5EF-4450-8A3F-D5AD57B75754}.Release|Any CPU.ActiveCfg = Release|Any CPU
		{1B346E54-E5EF-4450-8A3F-D5AD57B75754}.Release|Any CPU.Build.0 = Release|Any CPU
		{4C690E09-CCBA-48A1-9ACB-530554EEE3C5}.Debug|Any CPU.ActiveCfg = Debug|Any CPU
		{4C690E09-CCBA-48A1-9ACB-530554EEE3C5}.Debug|Any CPU.Build.0 = Debug|Any CPU
		{4C690E09-CCBA-48A1-9ACB-530554EEE3C5}.Release|Any CPU.ActiveCfg = Release|Any CPU
		{4C690E09-CCBA-48A1-9ACB-530554EEE3C5}.Release|Any CPU.Build.0 = Release|Any CPU
	EndGlobalSection
	GlobalSection(SolutionProperties) = preSolution
		HideSolutionNode = FALSE
	EndGlobalSection
	GlobalSection(ExtensibilityGlobals) = postSolution
		SolutionGuid = {7E543066-7D8A-4A9A-9348-EFB6D858A0C7}
	EndGlobalSection
EndGlobal
